github.com/brmatvey/go-data-structs v0.0.0-20230430081958-8f649a409218 h1:VM/wRbTg92nfj6/UcbgqeCP0gXopx6pKKpWN/Y2YimA=
github.com/brmatvey/go-data-structs v0.0.0-20230430081958-8f649a409218/go.mod h1:uEUyWtph1GusUvzz5lnDEsResryjyLOFu/k6ntGNLnE=
github.com/brmatvey/go-data-structs v0.0.0-20230430103903-e6cd469a7933 h1:sXkgHs23B7Azs1pHY9ddbu/BYsEJM5qrQ5G66m9RLQs=
github.com/brmatvey/go-data-structs v0.0.0-20230430103903-e6cd469a7933/go.mod h1:uEUyWtph1GusUvzz5lnDEsResryjyLOFu/k6ntGNLnE=
